
Microsoft Visual Studio Solution File, Format Version 12.00
# Visual Studio Version 17
VisualStudioVersion = 17.6.33815.320
MinimumVisualStudioVersion = 10.0.40219.1
Project("{9A19103F-16F7-4668-BE54-9A1E7A4F7556}") = "ZephyrNew", "ZephyrNew.csproj", "{6692DB72-65D4-4CFE-84D9-627D6640F9FB}"
EndProject
Project("{2150E333-8FDC-42A3-9474-1A3956D46DE8}") = "Solution Items", "Solution Items", "{81BD6F12-B1CB-44B5-89C9-407639D304AF}"
	ProjectSection(SolutionItems) = preProject
		.editorconfig = .editorconfig
	EndProjectSection
EndProject
Project("{FAE04EC0-301F-11D3-BF4B-00C04F79EFBC}") = "ZephyrTests", "..\ZephyrTests\ZephyrTests.csproj", "{08F844B8-9F02-4C87-9380-56163CB24476}"
EndProject
Global
	GlobalSection(SolutionConfigurationPlatforms) = preSolution
		Debug|Any CPU = Debug|Any CPU
		Release|Any CPU = Release|Any CPU
	EndGlobalSection
	GlobalSection(ProjectConfigurationPlatforms) = postSolution
		{6692DB72-65D4-4CFE-84D9-627D6640F9FB}.Debug|Any CPU.ActiveCfg = Debug|Any CPU
		{6692DB72-65D4-4CFE-84D9-627D6640F9FB}.Debug|Any CPU.Build.0 = Debug|Any CPU
		{6692DB72-65D4-4CFE-84D9-627D6640F9FB}.Release|Any CPU.ActiveCfg = Release|Any CPU
		{6692DB72-65D4-4CFE-84D9-627D6640F9FB}.Release|Any CPU.Build.0 = Release|Any CPU
		{08F844B8-9F02-4C87-9380-56163CB24476}.Debug|Any CPU.ActiveCfg = Debug|Any CPU
		{08F844B8-9F02-4C87-9380-56163CB24476}.Debug|Any CPU.Build.0 = Debug|Any CPU
		{08F844B8-9F02-4C87-9380-56163CB24476}.Release|Any CPU.ActiveCfg = Release|Any CPU
		{08F844B8-9F02-4C87-9380-56163CB24476}.Release|Any CPU.Build.0 = Release|Any CPU
	EndGlobalSection
	GlobalSection(SolutionProperties) = preSolution
		HideSolutionNode = FALSE
	EndGlobalSection
	GlobalSection(ExtensibilityGlobals) = postSolution
		SolutionGuid = {4BB067B9-07E0-459B-B473-3546BC2BA624}
	EndGlobalSection
EndGlobal
