
Microsoft Visual Studio Solution File, Format Version 12.00
# Visual Studio Version 17
VisualStudioVersion = 17.6.33815.320
MinimumVisualStudioVersion = 10.0.40219.1
Project("{FAE04EC0-301F-11D3-BF4B-00C04F79EFBC}") = "Zephyr", "Zephyr.csproj", "{72F1D920-55F2-48BC-8DCE-A831AF6E9D53}"
EndProject
Global
	GlobalSection(SolutionConfigurationPlatforms) = preSolution
		Debug|Any CPU = Debug|Any CPU
		Release|Any CPU = Release|Any CPU
	EndGlobalSection
	GlobalSection(ProjectConfigurationPlatforms) = postSolution
		{72F1D920-55F2-48BC-8DCE-A831AF6E9D53}.Debug|Any CPU.ActiveCfg = Debug|Any CPU
		{72F1D920-55F2-48BC-8DCE-A831AF6E9D53}.Debug|Any CPU.Build.0 = Debug|Any CPU
		{72F1D920-55F2-48BC-8DCE-A831AF6E9D53}.Release|Any CPU.ActiveCfg = Release|Any CPU
		{72F1D920-55F2-48BC-8DCE-A831AF6E9D53}.Release|Any CPU.Build.0 = Release|Any CPU
	EndGlobalSection
	GlobalSection(SolutionProperties) = preSolution
		HideSolutionNode = FALSE
	EndGlobalSection
	GlobalSection(ExtensibilityGlobals) = postSolution
		SolutionGuid = {2C2120D5-9F89-447B-B1A0-A0BB1924977A}
	EndGlobalSection
EndGlobal
